
Microsoft Visual Studio Solution File, Format Version 12.00
# Visual Studio 15
Project("{FAE04EC0-301F-11D3-BF4B-00C04F79EFBC}") = "Assembly-CSharp", "Assembly-CSharp.csproj", "{0B7E79DC-091D-8EC5-A2DF-5C2268A21BE7}"
EndProject
Project("{FAE04EC0-301F-11D3-BF4B-00C04F79EFBC}") = "Assembly-CSharp-firstpass", "Assembly-CSharp-firstpass.csproj", "{CF69E806-2774-DF6E-F6B4-8C2F9E9493DD}"
EndProject
Global
	GlobalSection(SolutionConfigurationPlatforms) = preSolution
		Debug|Any CPU = Debug|Any CPU
		Release|Any CPU = Release|Any CPU
	EndGlobalSection
	GlobalSection(ProjectConfigurationPlatforms) = postSolution
		{0B7E79DC-091D-8EC5-A2DF-5C2268A21BE7}.Debug|Any CPU.ActiveCfg = Debug|Any CPU
		{0B7E79DC-091D-8EC5-A2DF-5C2268A21BE7}.Debug|Any CPU.Build.0 = Debug|Any CPU
		{0B7E79DC-091D-8EC5-A2DF-5C2268A21BE7}.Release|Any CPU.ActiveCfg = Release|Any CPU
		{0B7E79DC-091D-8EC5-A2DF-5C2268A21BE7}.Release|Any CPU.Build.0 = Release|Any CPU
		{CF69E806-2774-DF6E-F6B4-8C2F9E9493DD}.Debug|Any CPU.ActiveCfg = Debug|Any CPU
		{CF69E806-2774-DF6E-F6B4-8C2F9E9493DD}.Debug|Any CPU.Build.0 = Debug|Any CPU
		{CF69E806-2774-DF6E-F6B4-8C2F9E9493DD}.Release|Any CPU.ActiveCfg = Release|Any CPU
		{CF69E806-2774-DF6E-F6B4-8C2F9E9493DD}.Release|Any CPU.Build.0 = Release|Any CPU
	EndGlobalSection
	GlobalSection(SolutionProperties) = preSolution
		HideSolutionNode = FALSE
	EndGlobalSection
EndGlobal
